
Microsoft Visual Studio Solution File, Format Version 12.00
# Visual Studio Version 16
VisualStudioVersion = 16.0.30611.23
MinimumVisualStudioVersion = 10.0.40219.1
Project("{FAE04EC0-301F-11D3-BF4B-00C04F79EFBC}") = "Positive", "Positive\Positive.csproj", "{B99D1F0C-C659-42A9-AC0C-CBF00ECA43D5}"
EndProject
Project("{FAE04EC0-301F-11D3-BF4B-00C04F79EFBC}") = "InventarioItem", "InventarioItem\InventarioItem.csproj", "{3180FFF6-8CF8-44B4-A251-9A704C6086F8}"
EndProject
Project("{FAE04EC0-301F-11D3-BF4B-00C04F79EFBC}") = "InventarioDao", "InventarioDao\InventarioDao.csproj", "{F7DCCA0B-7336-46C0-9C11-89B8B39436A1}"
EndProject
Project("{FAE04EC0-301F-11D3-BF4B-00C04F79EFBC}") = "InventarioBusiness", "InventarioBusiness\InventarioBusiness.csproj", "{F0576A67-1BBC-4DD9-A453-5AC7BA2B28BA}"
EndProject
Project("{FAE04EC0-301F-11D3-BF4B-00C04F79EFBC}") = "Idioma", "Idioma\Idioma.csproj", "{416B8EDD-1F46-461F-8A88-2C29E3EA75A6}"
EndProject
Global
	GlobalSection(SolutionConfigurationPlatforms) = preSolution
		Debug|Any CPU = Debug|Any CPU
		Release|Any CPU = Release|Any CPU
	EndGlobalSection
	GlobalSection(ProjectConfigurationPlatforms) = postSolution
		{B99D1F0C-C659-42A9-AC0C-CBF00ECA43D5}.Debug|Any CPU.ActiveCfg = Debug|Any CPU
		{B99D1F0C-C659-42A9-AC0C-CBF00ECA43D5}.Debug|Any CPU.Build.0 = Debug|Any CPU
		{B99D1F0C-C659-42A9-AC0C-CBF00ECA43D5}.Release|Any CPU.ActiveCfg = Release|Any CPU
		{B99D1F0C-C659-42A9-AC0C-CBF00ECA43D5}.Release|Any CPU.Build.0 = Release|Any CPU
		{3180FFF6-8CF8-44B4-A251-9A704C6086F8}.Debug|Any CPU.ActiveCfg = Debug|Any CPU
		{3180FFF6-8CF8-44B4-A251-9A704C6086F8}.Debug|Any CPU.Build.0 = Debug|Any CPU
		{3180FFF6-8CF8-44B4-A251-9A704C6086F8}.Release|Any CPU.ActiveCfg = Release|Any CPU
		{3180FFF6-8CF8-44B4-A251-9A704C6086F8}.Release|Any CPU.Build.0 = Release|Any CPU
		{F7DCCA0B-7336-46C0-9C11-89B8B39436A1}.Debug|Any CPU.ActiveCfg = Debug|Any CPU
		{F7DCCA0B-7336-46C0-9C11-89B8B39436A1}.Debug|Any CPU.Build.0 = Debug|Any CPU
		{F7DCCA0B-7336-46C0-9C11-89B8B39436A1}.Release|Any CPU.ActiveCfg = Release|Any CPU
		{F7DCCA0B-7336-46C0-9C11-89B8B39436A1}.Release|Any CPU.Build.0 = Release|Any CPU
		{F0576A67-1BBC-4DD9-A453-5AC7BA2B28BA}.Debug|Any CPU.ActiveCfg = Debug|Any CPU
		{F0576A67-1BBC-4DD9-A453-5AC7BA2B28BA}.Debug|Any CPU.Build.0 = Debug|Any CPU
		{F0576A67-1BBC-4DD9-A453-5AC7BA2B28BA}.Release|Any CPU.ActiveCfg = Release|Any CPU
		{F0576A67-1BBC-4DD9-A453-5AC7BA2B28BA}.Release|Any CPU.Build.0 = Release|Any CPU
		{416B8EDD-1F46-461F-8A88-2C29E3EA75A6}.Debug|Any CPU.ActiveCfg = Debug|Any CPU
		{416B8EDD-1F46-461F-8A88-2C29E3EA75A6}.Debug|Any CPU.Build.0 = Debug|Any CPU
		{416B8EDD-1F46-461F-8A88-2C29E3EA75A6}.Release|Any CPU.ActiveCfg = Release|Any CPU
		{416B8EDD-1F46-461F-8A88-2C29E3EA75A6}.Release|Any CPU.Build.0 = Release|Any CPU
	EndGlobalSection
	GlobalSection(SolutionProperties) = preSolution
		HideSolutionNode = FALSE
	EndGlobalSection
	GlobalSection(ExtensibilityGlobals) = postSolution
		SolutionGuid = {7E8679BD-C7EB-44ED-B4D0-A1ABE3EBD83E}
	EndGlobalSection
EndGlobal
